// !$*UTF8*$!
{
	archiveVersion = 1;
	classes = {
	};
	objectVersion = 46;
	objects = {

/* Begin PBXBuildFile section */
		553F3EA71C0F9D6000BC3375 /* ClassesViewController.swift in Sources */ = {isa = PBXBuildFile; fileRef = 553F3EA61C0F9D6000BC3375 /* ClassesViewController.swift */; };
		55B549F11C0C93C3002F504B /* AppDelegate.swift in Sources */ = {isa = PBXBuildFile; fileRef = 55B549F01C0C93C3002F504B /* AppDelegate.swift */; };
		55B549F31C0C93C3002F504B /* ViewController.swift in Sources */ = {isa = PBXBuildFile; fileRef = 55B549F21C0C93C3002F504B /* ViewController.swift */; };
		55B549F61C0C93C3002F504B /* Main.storyboard in Resources */ = {isa = PBXBuildFile; fileRef = 55B549F41C0C93C3002F504B /* Main.storyboard */; };
		55B549F81C0C93C3002F504B /* Assets.xcassets in Resources */ = {isa = PBXBuildFile; fileRef = 55B549F71C0C93C3002F504B /* Assets.xcassets */; };
		55B549FB1C0C93C3002F504B /* LaunchScreen.storyboard in Resources */ = {isa = PBXBuildFile; fileRef = 55B549F91C0C93C3002F504B /* LaunchScreen.storyboard */; };
		55B54A031C0CA2D5002F504B /* DataManager.swift in Sources */ = {isa = PBXBuildFile; fileRef = 55B54A021C0CA2D5002F504B /* DataManager.swift */; };
		55B54A051C0CDBEC002F504B /* MemberDetailViewController.swift in Sources */ = {isa = PBXBuildFile; fileRef = 55B54A041C0CDBEC002F504B /* MemberDetailViewController.swift */; };
		55C3C9041C10889D00612C39 /* ClassesDetailViewController.swift in Sources */ = {isa = PBXBuildFile; fileRef = 55C3C9031C10889D00612C39 /* ClassesDetailViewController.swift */; };
		55C3C9061C10A05300612C39 /* ExercisesViewController.swift in Sources */ = {isa = PBXBuildFile; fileRef = 55C3C9051C10A05300612C39 /* ExercisesViewController.swift */; };
		55C3C9081C10A06400612C39 /* ExercisesDetailViewController.swift in Sources */ = {isa = PBXBuildFile; fileRef = 55C3C9071C10A06400612C39 /* ExercisesDetailViewController.swift */; };
		55C3C90A1C10E45000612C39 /* WorkoutBuilderViewController.swift in Sources */ = {isa = PBXBuildFile; fileRef = 55C3C9091C10E45000612C39 /* WorkoutBuilderViewController.swift */; };
		AC14D363B0E04C8E5D1E3D7D /* Pods_TrainerKeeper.framework in Frameworks */ = {isa = PBXBuildFile; fileRef = 7724565019DC209E47504AA4 /* Pods_TrainerKeeper.framework */; };
/* End PBXBuildFile section */

/* Begin PBXFileReference section */
		36DB6594E1E7E19D1AA3128B /* Pods-TrainerKeeper.debug.xcconfig */ = {isa = PBXFileReference; includeInIndex = 1; lastKnownFileType = text.xcconfig; name = "Pods-TrainerKeeper.debug.xcconfig"; path = "Pods/Target Support Files/Pods-TrainerKeeper/Pods-TrainerKeeper.debug.xcconfig"; sourceTree = "<group>"; };
		553F3EA61C0F9D6000BC3375 /* ClassesViewController.swift */ = {isa = PBXFileReference; fileEncoding = 4; lastKnownFileType = sourcecode.swift; path = ClassesViewController.swift; sourceTree = "<group>"; };
		55B549ED1C0C93C2002F504B /* TrainerKeeper.app */ = {isa = PBXFileReference; explicitFileType = wrapper.application; includeInIndex = 0; path = TrainerKeeper.app; sourceTree = BUILT_PRODUCTS_DIR; };
		55B549F01C0C93C3002F504B /* AppDelegate.swift */ = {isa = PBXFileReference; lastKnownFileType = sourcecode.swift; path = AppDelegate.swift; sourceTree = "<group>"; };
		55B549F21C0C93C3002F504B /* ViewController.swift */ = {isa = PBXFileReference; lastKnownFileType = sourcecode.swift; path = ViewController.swift; sourceTree = "<group>"; };
		55B549F51C0C93C3002F504B /* Base */ = {isa = PBXFileReference; lastKnownFileType = file.storyboard; name = Base; path = Base.lproj/Main.storyboard; sourceTree = "<group>"; };
		55B549F71C0C93C3002F504B /* Assets.xcassets */ = {isa = PBXFileReference; lastKnownFileType = folder.assetcatalog; path = Assets.xcassets; sourceTree = "<group>"; };
		55B549FA1C0C93C3002F504B /* Base */ = {isa = PBXFileReference; lastKnownFileType = file.storyboard; name = Base; path = Base.lproj/LaunchScreen.storyboard; sourceTree = "<group>"; };
		55B549FC1C0C93C3002F504B /* Info.plist */ = {isa = PBXFileReference; lastKnownFileType = text.plist.xml; path = Info.plist; sourceTree = "<group>"; };
		55B54A021C0CA2D5002F504B /* DataManager.swift */ = {isa = PBXFileReference; fileEncoding = 4; lastKnownFileType = sourcecode.swift; path = DataManager.swift; sourceTree = "<group>"; };
		55B54A041C0CDBEC002F504B /* MemberDetailViewController.swift */ = {isa = PBXFileReference; fileEncoding = 4; lastKnownFileType = sourcecode.swift; path = MemberDetailViewController.swift; sourceTree = "<group>"; };
		55C3C9031C10889D00612C39 /* ClassesDetailViewController.swift */ = {isa = PBXFileReference; fileEncoding = 4; lastKnownFileType = sourcecode.swift; path = ClassesDetailViewController.swift; sourceTree = "<group>"; };
		55C3C9051C10A05300612C39 /* ExercisesViewController.swift */ = {isa = PBXFileReference; fileEncoding = 4; lastKnownFileType = sourcecode.swift; path = ExercisesViewController.swift; sourceTree = "<group>"; };
		55C3C9071C10A06400612C39 /* ExercisesDetailViewController.swift */ = {isa = PBXFileReference; fileEncoding = 4; lastKnownFileType = sourcecode.swift; path = ExercisesDetailViewController.swift; sourceTree = "<group>"; };
		55C3C9091C10E45000612C39 /* WorkoutBuilderViewController.swift */ = {isa = PBXFileReference; fileEncoding = 4; lastKnownFileType = sourcecode.swift; path = WorkoutBuilderViewController.swift; sourceTree = "<group>"; };
		7724565019DC209E47504AA4 /* Pods_TrainerKeeper.framework */ = {isa = PBXFileReference; explicitFileType = wrapper.framework; includeInIndex = 0; path = Pods_TrainerKeeper.framework; sourceTree = BUILT_PRODUCTS_DIR; };
		B765AFCCCC21929B10F613BB /* Pods-TrainerKeeper.release.xcconfig */ = {isa = PBXFileReference; includeInIndex = 1; lastKnownFileType = text.xcconfig; name = "Pods-TrainerKeeper.release.xcconfig"; path = "Pods/Target Support Files/Pods-TrainerKeeper/Pods-TrainerKeeper.release.xcconfig"; sourceTree = "<group>"; };
/* End PBXFileReference section */

/* Begin PBXFrameworksBuildPhase section */
		55B549EA1C0C93C2002F504B /* Frameworks */ = {
			isa = PBXFrameworksBuildPhase;
			buildActionMask = 2147483647;
			files = (
				AC14D363B0E04C8E5D1E3D7D /* Pods_TrainerKeeper.framework in Frameworks */,
			);
			runOnlyForDeploymentPostprocessing = 0;
		};
/* End PBXFrameworksBuildPhase section */

/* Begin PBXGroup section */
		55B549E41C0C93C2002F504B = {
			isa = PBXGroup;
			children = (
				55B549EF1C0C93C3002F504B /* TrainerKeeper */,
				55B549EE1C0C93C2002F504B /* Products */,
				A6325D4FB825023999031DF1 /* Pods */,
				DE2F9AB57B90CE4969C183BA /* Frameworks */,
			);
			sourceTree = "<group>";
		};
		55B549EE1C0C93C2002F504B /* Products */ = {
			isa = PBXGroup;
			children = (
				55B549ED1C0C93C2002F504B /* TrainerKeeper.app */,
			);
			name = Products;
			sourceTree = "<group>";
		};
		55B549EF1C0C93C3002F504B /* TrainerKeeper */ = {
			isa = PBXGroup;
			children = (
				55B549F01C0C93C3002F504B /* AppDelegate.swift */,
				55B549F21C0C93C3002F504B /* ViewController.swift */,
				55B54A041C0CDBEC002F504B /* MemberDetailViewController.swift */,
				553F3EA61C0F9D6000BC3375 /* ClassesViewController.swift */,
				55C3C9031C10889D00612C39 /* ClassesDetailViewController.swift */,
				55C3C9051C10A05300612C39 /* ExercisesViewController.swift */,
				55C3C9071C10A06400612C39 /* ExercisesDetailViewController.swift */,
				55C3C9091C10E45000612C39 /* WorkoutBuilderViewController.swift */,
				55C3C90B1C10E56A00612C39 /* Managers */,
				55B549F41C0C93C3002F504B /* Main.storyboard */,
				55B549F71C0C93C3002F504B /* Assets.xcassets */,
				55B549F91C0C93C3002F504B /* LaunchScreen.storyboard */,
				55B549FC1C0C93C3002F504B /* Info.plist */,
			);
			path = TrainerKeeper;
			sourceTree = "<group>";
		};
		55C3C90B1C10E56A00612C39 /* Managers */ = {
			isa = PBXGroup;
			children = (
				55B54A021C0CA2D5002F504B /* DataManager.swift */,
			);
			name = Managers;
			sourceTree = "<group>";
		};
		A6325D4FB825023999031DF1 /* Pods */ = {
			isa = PBXGroup;
			children = (
				36DB6594E1E7E19D1AA3128B /* Pods-TrainerKeeper.debug.xcconfig */,
				B765AFCCCC21929B10F613BB /* Pods-TrainerKeeper.release.xcconfig */,
			);
			name = Pods;
			sourceTree = "<group>";
		};
		DE2F9AB57B90CE4969C183BA /* Frameworks */ = {
			isa = PBXGroup;
			children = (
				7724565019DC209E47504AA4 /* Pods_TrainerKeeper.framework */,
			);
			name = Frameworks;
			sourceTree = "<group>";
		};
/* End PBXGroup section */

/* Begin PBXNativeTarget section */
		55B549EC1C0C93C2002F504B /* TrainerKeeper */ = {
			isa = PBXNativeTarget;
			buildConfigurationList = 55B549FF1C0C93C3002F504B /* Build configuration list for PBXNativeTarget "TrainerKeeper" */;
			buildPhases = (
				43D144DD47F65766236F55C7 /* Check Pods Manifest.lock */,
				55B549E91C0C93C2002F504B /* Sources */,
				55B549EA1C0C93C2002F504B /* Frameworks */,
				55B549EB1C0C93C2002F504B /* Resources */,
				8D449D48AE47E7EC27E766B7 /* Embed Pods Frameworks */,
				90FD463BC837C5F2BCA4853B /* Copy Pods Resources */,
			);
			buildRules = (
			);
			dependencies = (
			);
			name = TrainerKeeper;
			productName = TrainerKeeper;
			productReference = 55B549ED1C0C93C2002F504B /* TrainerKeeper.app */;
			productType = "com.apple.product-type.application";
		};
/* End PBXNativeTarget section */

/* Begin PBXProject section */
		55B549E51C0C93C2002F504B /* Project object */ = {
			isa = PBXProject;
			attributes = {
				LastSwiftUpdateCheck = 0710;
				LastUpgradeCheck = 0710;
				ORGANIZATIONNAME = "Mike Henry";
				TargetAttributes = {
					55B549EC1C0C93C2002F504B = {
						CreatedOnToolsVersion = 7.1.1;
					};
				};
			};
			buildConfigurationList = 55B549E81C0C93C2002F504B /* Build configuration list for PBXProject "TrainerKeeper" */;
			compatibilityVersion = "Xcode 3.2";
			developmentRegion = English;
			hasScannedForEncodings = 0;
			knownRegions = (
				en,
				Base,
			);
			mainGroup = 55B549E41C0C93C2002F504B;
			productRefGroup = 55B549EE1C0C93C2002F504B /* Products */;
			projectDirPath = "";
			projectRoot = "";
			targets = (
				55B549EC1C0C93C2002F504B /* TrainerKeeper */,
			);
		};
/* End PBXProject section */

/* Begin PBXResourcesBuildPhase section */
		55B549EB1C0C93C2002F504B /* Resources */ = {
			isa = PBXResourcesBuildPhase;
			buildActionMask = 2147483647;
			files = (
				55B549FB1C0C93C3002F504B /* LaunchScreen.storyboard in Resources */,
				55B549F81C0C93C3002F504B /* Assets.xcassets in Resources */,
				55B549F61C0C93C3002F504B /* Main.storyboard in Resources */,
			);
			runOnlyForDeploymentPostprocessing = 0;
		};
/* End PBXResourcesBuildPhase section */

/* Begin PBXShellScriptBuildPhase section */
		43D144DD47F65766236F55C7 /* Check Pods Manifest.lock */ = {
			isa = PBXShellScriptBuildPhase;
			buildActionMask = 2147483647;
			files = (
			);
			inputPaths = (
			);
			name = "Check Pods Manifest.lock";
			outputPaths = (
			);
			runOnlyForDeploymentPostprocessing = 0;
			shellPath = /bin/sh;
			shellScript = "diff \"${PODS_ROOT}/../Podfile.lock\" \"${PODS_ROOT}/Manifest.lock\" > /dev/null\nif [[ $? != 0 ]] ; then\n    cat << EOM\nerror: The sandbox is not in sync with the Podfile.lock. Run 'pod install' or update your CocoaPods installation.\nEOM\n    exit 1\nfi\n";
			showEnvVarsInLog = 0;
		};
		8D449D48AE47E7EC27E766B7 /* Embed Pods Frameworks */ = {
			isa = PBXShellScriptBuildPhase;
			buildActionMask = 2147483647;
			files = (
			);
			inputPaths = (
			);
			name = "Embed Pods Frameworks";
			outputPaths = (
			);
			runOnlyForDeploymentPostprocessing = 0;
			shellPath = /bin/sh;
			shellScript = "\"${SRCROOT}/Pods/Target Support Files/Pods-TrainerKeeper/Pods-TrainerKeeper-frameworks.sh\"\n";
			showEnvVarsInLog = 0;
		};
		90FD463BC837C5F2BCA4853B /* Copy Pods Resources */ = {
			isa = PBXShellScriptBuildPhase;
			buildActionMask = 2147483647;
			files = (
			);
			inputPaths = (
			);
			name = "Copy Pods Resources";
			outputPaths = (
			);
			runOnlyForDeploymentPostprocessing = 0;
			shellPath = /bin/sh;
			shellScript = "\"${SRCROOT}/Pods/Target Support Files/Pods-TrainerKeeper/Pods-TrainerKeeper-resources.sh\"\n";
			showEnvVarsInLog = 0;
		};
/* End PBXShellScriptBuildPhase section */

/* Begin PBXSourcesBuildPhase section */
		55B549E91C0C93C2002F504B /* Sources */ = {
			isa = PBXSourcesBuildPhase;
			buildActionMask = 2147483647;
			files = (
				55B549F31C0C93C3002F504B /* ViewController.swift in Sources */,
				55B54A031C0CA2D5002F504B /* DataManager.swift in Sources */,
				55C3C90A1C10E45000612C39 /* WorkoutBuilderViewController.swift in Sources */,
				55C3C9061C10A05300612C39 /* ExercisesViewController.swift in Sources */,
				55C3C9081C10A06400612C39 /* ExercisesDetailViewController.swift in Sources */,
				553F3EA71C0F9D6000BC3375 /* ClassesViewController.swift in Sources */,
				55B54A051C0CDBEC002F504B /* MemberDetailViewController.swift in Sources */,
				55C3C9041C10889D00612C39 /* ClassesDetailViewController.swift in Sources */,
				55B549F11C0C93C3002F504B /* AppDelegate.swift in Sources */,
			);
			runOnlyForDeploymentPostprocessing = 0;
		};
/* End PBXSourcesBuildPhase section */

/* Begin PBXVariantGroup section */
		55B549F41C0C93C3002F504B /* Main.storyboard */ = {
			isa = PBXVariantGroup;
			children = (
				55B549F51C0C93C3002F504B /* Base */,
			);
			name = Main.storyboard;
			sourceTree = "<group>";
		};
		55B549F91C0C93C3002F504B /* LaunchScreen.storyboard */ = {
			isa = PBXVariantGroup;
			children = (
				55B549FA1C0C93C3002F504B /* Base */,
			);
			name = LaunchScreen.storyboard;
			sourceTree = "<group>";
		};
/* End PBXVariantGroup section */

/* Begin XCBuildConfiguration section */
		55B549FD1C0C93C3002F504B /* Debug */ = {
			isa = XCBuildConfiguration;
			buildSettings = {
				ALWAYS_SEARCH_USER_PATHS = NO;
				CLANG_CXX_LANGUAGE_STANDARD = "gnu++0x";
				CLANG_CXX_LIBRARY = "libc++";
				CLANG_ENABLE_MODULES = YES;
				CLANG_ENABLE_OBJC_ARC = YES;
				CLANG_WARN_BOOL_CONVERSION = YES;
				CLANG_WARN_CONSTANT_CONVERSION = YES;
				CLANG_WARN_DIRECT_OBJC_ISA_USAGE = YES_ERROR;
				CLANG_WARN_EMPTY_BODY = YES;
				CLANG_WARN_ENUM_CONVERSION = YES;
				CLANG_WARN_INT_CONVERSION = YES;
				CLANG_WARN_OBJC_ROOT_CLASS = YES_ERROR;
				CLANG_WARN_UNREACHABLE_CODE = YES;
				CLANG_WARN__DUPLICATE_METHOD_MATCH = YES;
				"CODE_SIGN_IDENTITY[sdk=iphoneos*]" = "iPhone Developer";
				COPY_PHASE_STRIP = NO;
				DEBUG_INFORMATION_FORMAT = dwarf;
				ENABLE_STRICT_OBJC_MSGSEND = YES;
				ENABLE_TESTABILITY = YES;
				GCC_C_LANGUAGE_STANDARD = gnu99;
				GCC_DYNAMIC_NO_PIC = NO;
				GCC_NO_COMMON_BLOCKS = YES;
				GCC_OPTIMIZATION_LEVEL = 0;
				GCC_PREPROCESSOR_DEFINITIONS = (
					"DEBUG=1",
					"$(inherited)",
				);
				GCC_WARN_64_TO_32_BIT_CONVERSION = YES;
				GCC_WARN_ABOUT_RETURN_TYPE = YES_ERROR;
				GCC_WARN_UNDECLARED_SELECTOR = YES;
				GCC_WARN_UNINITIALIZED_AUTOS = YES_AGGRESSIVE;
				GCC_WARN_UNUSED_FUNCTION = YES;
				GCC_WARN_UNUSED_VARIABLE = YES;
				IPHONEOS_DEPLOYMENT_TARGET = 9.1;
				MTL_ENABLE_DEBUG_INFO = YES;
				ONLY_ACTIVE_ARCH = YES;
				SDKROOT = iphoneos;
				SWIFT_OPTIMIZATION_LEVEL = "-Onone";
			};
			name = Debug;
		};
		55B549FE1C0C93C3002F504B /* Release */ = {
			isa = XCBuildConfiguration;
			buildSettings = {
				ALWAYS_SEARCH_USER_PATHS = NO;
				CLANG_CXX_LANGUAGE_STANDARD = "gnu++0x";
				CLANG_CXX_LIBRARY = "libc++";
				CLANG_ENABLE_MODULES = YES;
				CLANG_ENABLE_OBJC_ARC = YES;
				CLANG_WARN_BOOL_CONVERSION = YES;
				CLANG_WARN_CONSTANT_CONVERSION = YES;
				CLANG_WARN_DIRECT_OBJC_ISA_USAGE = YES_ERROR;
				CLANG_WARN_EMPTY_BODY = YES;
				CLANG_WARN_ENUM_CONVERSION = YES;
				CLANG_WARN_INT_CONVERSION = YES;
				CLANG_WARN_OBJC_ROOT_CLASS = YES_ERROR;
				CLANG_WARN_UNREACHABLE_CODE = YES;
				CLANG_WARN__DUPLICATE_METHOD_MATCH = YES;
				"CODE_SIGN_IDENTITY[sdk=iphoneos*]" = "iPhone Developer";
				COPY_PHASE_STRIP = NO;
				DEBUG_INFORMATION_FORMAT = "dwarf-with-dsym";
				ENABLE_NS_ASSERTIONS = NO;
				ENABLE_STRICT_OBJC_MSGSEND = YES;
				GCC_C_LANGUAGE_STANDARD = gnu99;
				GCC_NO_COMMON_BLOCKS = YES;
				GCC_WARN_64_TO_32_BIT_CONVERSION = YES;
				GCC_WARN_ABOUT_RETURN_TYPE = YES_ERROR;
				GCC_WARN_UNDECLARED_SELECTOR = YES;
				GCC_WARN_UNINITIALIZED_AUTOS = YES_AGGRESSIVE;
				GCC_WARN_UNUSED_FUNCTION = YES;
				GCC_WARN_UNUSED_VARIABLE = YES;
				IPHONEOS_DEPLOYMENT_TARGET = 9.1;
				MTL_ENABLE_DEBUG_INFO = NO;
				SDKROOT = iphoneos;
				VALIDATE_PRODUCT = YES;
			};
			name = Release;
		};
		55B54A001C0C93C3002F504B /* Debug */ = {
			isa = XCBuildConfiguration;
			baseConfigurationReference = 36DB6594E1E7E19D1AA3128B /* Pods-TrainerKeeper.debug.xcconfig */;
			buildSettings = {
				ASSETCATALOG_COMPILER_APPICON_NAME = AppIcon;
				INFOPLIST_FILE = TrainerKeeper/Info.plist;
				LD_RUNPATH_SEARCH_PATHS = "$(inherited) @executable_path/Frameworks";
				PRODUCT_BUNDLE_IDENTIFIER = com.henrymike.TrainerKeeper;
				PRODUCT_NAME = "$(TARGET_NAME)";
			};
			name = Debug;
		};
		55B54A011C0C93C3002F504B /* Release */ = {
			isa = XCBuildConfiguration;
			baseConfigurationReference = B765AFCCCC21929B10F613BB /* Pods-TrainerKeeper.release.xcconfig */;
			buildSettings = {
				ASSETCATALOG_COMPILER_APPICON_NAME = AppIcon;
				INFOPLIST_FILE = TrainerKeeper/Info.plist;
				LD_RUNPATH_SEARCH_PATHS = "$(inherited) @executable_path/Frameworks";
				PRODUCT_BUNDLE_IDENTIFIER = com.henrymike.TrainerKeeper;
				PRODUCT_NAME = "$(TARGET_NAME)";
			};
			name = Release;
		};
/* End XCBuildConfiguration section */

/* Begin XCConfigurationList section */
		55B549E81C0C93C2002F504B /* Build configuration list for PBXProject "TrainerKeeper" */ = {
			isa = XCConfigurationList;
			buildConfigurations = (
				55B549FD1C0C93C3002F504B /* Debug */,
				55B549FE1C0C93C3002F504B /* Release */,
			);
			defaultConfigurationIsVisible = 0;
			defaultConfigurationName = Release;
		};
		55B549FF1C0C93C3002F504B /* Build configuration list for PBXNativeTarget "TrainerKeeper" */ = {
			isa = XCConfigurationList;
			buildConfigurations = (
				55B54A001C0C93C3002F504B /* Debug */,
				55B54A011C0C93C3002F504B /* Release */,
			);
			defaultConfigurationIsVisible = 0;
			defaultConfigurationName = Release;
		};
/* End XCConfigurationList section */
	};
	rootObject = 55B549E51C0C93C2002F504B /* Project object */;
}
